
Microsoft Visual Studio Solution File, Format Version 12.00
# Visual Studio Version 17
VisualStudioVersion = 17.0.31903.59
MinimumVisualStudioVersion = 10.0.40219.1
Project("{FAE04EC0-301F-11D3-BF4B-00C04F79EFBC}") = "task manager", "task manager\task manager.csproj", "{CFE0E83F-D179-4488-80F9-6539F686D421}"
EndProject
Project("{FAE04EC0-301F-11D3-BF4B-00C04F79EFBC}") = "task_manager.Tests", "task_manager.Tests\task_manager.Tests.csproj", "{82807865-E8C3-4BEA-9882-4F520865A461}"
EndProject
Global
	GlobalSection(SolutionConfigurationPlatforms) = preSolution
		Debug|Any CPU = Debug|Any CPU
		Debug|x64 = Debug|x64
		Debug|x86 = Debug|x86
		Release|Any CPU = Release|Any CPU
		Release|x64 = Release|x64
		Release|x86 = Release|x86
	EndGlobalSection
	GlobalSection(ProjectConfigurationPlatforms) = postSolution
		{CFE0E83F-D179-4488-80F9-6539F686D421}.Debug|Any CPU.ActiveCfg = Debug|Any CPU
		{CFE0E83F-D179-4488-80F9-6539F686D421}.Debug|Any CPU.Build.0 = Debug|Any CPU
		{CFE0E83F-D179-4488-80F9-6539F686D421}.Debug|x64.ActiveCfg = Debug|Any CPU
		{CFE0E83F-D179-4488-80F9-6539F686D421}.Debug|x64.Build.0 = Debug|Any CPU
		{CFE0E83F-D179-4488-80F9-6539F686D421}.Debug|x86.ActiveCfg = Debug|Any CPU
		{CFE0E83F-D179-4488-80F9-6539F686D421}.Debug|x86.Build.0 = Debug|Any CPU
		{CFE0E83F-D179-4488-80F9-6539F686D421}.Release|Any CPU.ActiveCfg = Release|Any CPU
		{CFE0E83F-D179-4488-80F9-6539F686D421}.Release|Any CPU.Build.0 = Release|Any CPU
		{CFE0E83F-D179-4488-80F9-6539F686D421}.Release|x64.ActiveCfg = Release|Any CPU
		{CFE0E83F-D179-4488-80F9-6539F686D421}.Release|x64.Build.0 = Release|Any CPU
		{CFE0E83F-D179-4488-80F9-6539F686D421}.Release|x86.ActiveCfg = Release|Any CPU
		{CFE0E83F-D179-4488-80F9-6539F686D421}.Release|x86.Build.0 = Release|Any CPU
		{82807865-E8C3-4BEA-9882-4F520865A461}.Debug|Any CPU.ActiveCfg = Debug|Any CPU
		{82807865-E8C3-4BEA-9882-4F520865A461}.Debug|Any CPU.Build.0 = Debug|Any CPU
		{82807865-E8C3-4BEA-9882-4F520865A461}.Debug|x64.ActiveCfg = Debug|Any CPU
		{82807865-E8C3-4BEA-9882-4F520865A461}.Debug|x64.Build.0 = Debug|Any CPU
		{82807865-E8C3-4BEA-9882-4F520865A461}.Debug|x86.ActiveCfg = Debug|Any CPU
		{82807865-E8C3-4BEA-9882-4F520865A461}.Debug|x86.Build.0 = Debug|Any CPU
		{82807865-E8C3-4BEA-9882-4F520865A461}.Release|Any CPU.ActiveCfg = Release|Any CPU
		{82807865-E8C3-4BEA-9882-4F520865A461}.Release|Any CPU.Build.0 = Release|Any CPU
		{82807865-E8C3-4BEA-9882-4F520865A461}.Release|x64.ActiveCfg = Release|Any CPU
		{82807865-E8C3-4BEA-9882-4F520865A461}.Release|x64.Build.0 = Release|Any CPU
		{82807865-E8C3-4BEA-9882-4F520865A461}.Release|x86.ActiveCfg = Release|Any CPU
		{82807865-E8C3-4BEA-9882-4F520865A461}.Release|x86.Build.0 = Release|Any CPU
	EndGlobalSection
	GlobalSection(SolutionProperties) = preSolution
		HideSolutionNode = FALSE
	EndGlobalSection
EndGlobal
